
Microsoft Visual Studio Solution File, Format Version 12.00
# Visual Studio 2012
Project("{FAE04EC0-301F-11D3-BF4B-00C04F79EFBC}") = "CVARC.Core", "CVARC.V2\Framework\CVARC.Core\CVARC.Core.csproj", "{F7B5021F-09E8-4388-97A2-4B44B9770D03}"
EndProject
Project("{FAE04EC0-301F-11D3-BF4B-00C04F79EFBC}") = "RepairTheStarship.General", "CVARC.V2\RepairTheStarship\RepairTheStarship\RepairTheStarship.General.csproj", "{11B6A7C1-E6AA-4F81-9710-EC84069CA858}"
EndProject
Project("{FAE04EC0-301F-11D3-BF4B-00C04F79EFBC}") = "RoboMovies.General", "CVARC.V2\RoboMovies\RoboMovies\RoboMovies.General.csproj", "{4C00A5BA-5F04-4173-910D-E7813B313001}"
EndProject
Project("{FAE04EC0-301F-11D3-BF4B-00C04F79EFBC}") = "Demo.General", "CVARC.V2\Demo\DemoCompetitions\Demo.General.csproj", "{CE636D44-57A4-48FA-A178-88CA2C3E9DD4}"
EndProject
Project("{FAE04EC0-301F-11D3-BF4B-00C04F79EFBC}") = "TechnicalProject", "TechnicalProject\TechnicalProject.csproj", "{034E795C-9DAA-40C9-BE25-1393088791D8}"
EndProject
Global
	GlobalSection(SolutionConfigurationPlatforms) = preSolution
		Debug|Any CPU = Debug|Any CPU
		Release|Any CPU = Release|Any CPU
	EndGlobalSection
	GlobalSection(ProjectConfigurationPlatforms) = postSolution
		{F7B5021F-09E8-4388-97A2-4B44B9770D03}.Debug|Any CPU.ActiveCfg = Debug|Any CPU
		{F7B5021F-09E8-4388-97A2-4B44B9770D03}.Debug|Any CPU.Build.0 = Debug|Any CPU
		{F7B5021F-09E8-4388-97A2-4B44B9770D03}.Release|Any CPU.ActiveCfg = Release|Any CPU
		{F7B5021F-09E8-4388-97A2-4B44B9770D03}.Release|Any CPU.Build.0 = Release|Any CPU
		{11B6A7C1-E6AA-4F81-9710-EC84069CA858}.Debug|Any CPU.ActiveCfg = Debug|Any CPU
		{11B6A7C1-E6AA-4F81-9710-EC84069CA858}.Debug|Any CPU.Build.0 = Debug|Any CPU
		{11B6A7C1-E6AA-4F81-9710-EC84069CA858}.Release|Any CPU.ActiveCfg = Release|Any CPU
		{11B6A7C1-E6AA-4F81-9710-EC84069CA858}.Release|Any CPU.Build.0 = Release|Any CPU
		{4C00A5BA-5F04-4173-910D-E7813B313001}.Debug|Any CPU.ActiveCfg = Debug|Any CPU
		{4C00A5BA-5F04-4173-910D-E7813B313001}.Debug|Any CPU.Build.0 = Debug|Any CPU
		{4C00A5BA-5F04-4173-910D-E7813B313001}.Release|Any CPU.ActiveCfg = Release|Any CPU
		{4C00A5BA-5F04-4173-910D-E7813B313001}.Release|Any CPU.Build.0 = Release|Any CPU
		{CE636D44-57A4-48FA-A178-88CA2C3E9DD4}.Debug|Any CPU.ActiveCfg = Debug|Any CPU
		{CE636D44-57A4-48FA-A178-88CA2C3E9DD4}.Debug|Any CPU.Build.0 = Debug|Any CPU
		{CE636D44-57A4-48FA-A178-88CA2C3E9DD4}.Release|Any CPU.ActiveCfg = Release|Any CPU
		{CE636D44-57A4-48FA-A178-88CA2C3E9DD4}.Release|Any CPU.Build.0 = Release|Any CPU
		{034E795C-9DAA-40C9-BE25-1393088791D8}.Debug|Any CPU.ActiveCfg = Debug|Any CPU
		{034E795C-9DAA-40C9-BE25-1393088791D8}.Debug|Any CPU.Build.0 = Debug|Any CPU
		{034E795C-9DAA-40C9-BE25-1393088791D8}.Release|Any CPU.ActiveCfg = Release|Any CPU
		{034E795C-9DAA-40C9-BE25-1393088791D8}.Release|Any CPU.Build.0 = Release|Any CPU
	EndGlobalSection
	GlobalSection(SolutionProperties) = preSolution
		HideSolutionNode = FALSE
	EndGlobalSection
EndGlobal
